// !$*UTF8*$!
{
	archiveVersion = 1;
	classes = {
	};
	objectVersion = 50;
	objects = {

/* Begin PBXBuildFile section */
		9E2E866222A107E800B558F1 /* AKSNetWorkConfig.m in Sources */ = {isa = PBXBuildFile; fileRef = 9E2E866122A107E800B558F1 /* AKSNetWorkConfig.m */; };
		9E2E866522A1151C00B558F1 /* AKSNetWorkRequestConfig.m in Sources */ = {isa = PBXBuildFile; fileRef = 9E2E866422A1151C00B558F1 /* AKSNetWorkRequestConfig.m */; };
		9E2E866B22A1182000B558F1 /* UINavigationController+AKSNetWork.m in Sources */ = {isa = PBXBuildFile; fileRef = 9E2E866A22A1182000B558F1 /* UINavigationController+AKSNetWork.m */; };
		9E2E866E22A1191100B558F1 /* UIViewController+AKSNetWork.m in Sources */ = {isa = PBXBuildFile; fileRef = 9E2E866D22A1191100B558F1 /* UIViewController+AKSNetWork.m */; };
		9E2E867322A11C6200B558F1 /* AKSNetWorkHelper.m in Sources */ = {isa = PBXBuildFile; fileRef = 9E2E867222A11C6200B558F1 /* AKSNetWorkHelper.m */; };
		9E2E867722A11DE700B558F1 /* AKSMemCacheDataCenter.m in Sources */ = {isa = PBXBuildFile; fileRef = 9E2E867622A11DE700B558F1 /* AKSMemCacheDataCenter.m */; };
		9E2E867A22A1275200B558F1 /* AKSURLRequestManager.m in Sources */ = {isa = PBXBuildFile; fileRef = 9E2E867922A1275200B558F1 /* AKSURLRequestManager.m */; };
		9E2E867D22A127FB00B558F1 /* AKSHTTPSessionModel.m in Sources */ = {isa = PBXBuildFile; fileRef = 9E2E867C22A127FB00B558F1 /* AKSHTTPSessionModel.m */; };
		9E2E868022A12D9900B558F1 /* AKSApiProxy.m in Sources */ = {isa = PBXBuildFile; fileRef = 9E2E867F22A12D9900B558F1 /* AKSApiProxy.m */; };
		9E2E868322A1358200B558F1 /* AKSApiRequestManager.m in Sources */ = {isa = PBXBuildFile; fileRef = 9E2E868222A1358200B558F1 /* AKSApiRequestManager.m */; };
		9E2E868722A137FE00B558F1 /* NEHTTPModelManager.m in Sources */ = {isa = PBXBuildFile; fileRef = 9E2E868622A137FE00B558F1 /* NEHTTPModelManager.m */; };
		9E2E868A22A13B6600B558F1 /* AKSNetWorkLogHelper.m in Sources */ = {isa = PBXBuildFile; fileRef = 9E2E868922A13B6600B558F1 /* AKSNetWorkLogHelper.m */; };
		9EECCBCA227FD84D003D6B08 /* AppDelegate.m in Sources */ = {isa = PBXBuildFile; fileRef = 9EECCBC9227FD84D003D6B08 /* AppDelegate.m */; };
		9EECCBCD227FD84D003D6B08 /* ViewController.m in Sources */ = {isa = PBXBuildFile; fileRef = 9EECCBCC227FD84D003D6B08 /* ViewController.m */; };
		9EECCBD0227FD84D003D6B08 /* Main.storyboard in Resources */ = {isa = PBXBuildFile; fileRef = 9EECCBCE227FD84D003D6B08 /* Main.storyboard */; };
		9EECCBD2227FD84F003D6B08 /* Assets.xcassets in Resources */ = {isa = PBXBuildFile; fileRef = 9EECCBD1227FD84F003D6B08 /* Assets.xcassets */; };
		9EECCBD5227FD84F003D6B08 /* LaunchScreen.storyboard in Resources */ = {isa = PBXBuildFile; fileRef = 9EECCBD3227FD84F003D6B08 /* LaunchScreen.storyboard */; };
		9EECCBD8227FD84F003D6B08 /* main.m in Sources */ = {isa = PBXBuildFile; fileRef = 9EECCBD7227FD84F003D6B08 /* main.m */; };
		9EECCBE2227FE2FC003D6B08 /* NSArray+AKSNetWorkMethods.m in Sources */ = {isa = PBXBuildFile; fileRef = 9EECCBE1227FE2FC003D6B08 /* NSArray+AKSNetWorkMethods.m */; };
		9EECCBE5227FE4A6003D6B08 /* NSDictionary+AKSNetWork.m in Sources */ = {isa = PBXBuildFile; fileRef = 9EECCBE4227FE4A6003D6B08 /* NSDictionary+AKSNetWork.m */; };
		9EECCBE8227FE751003D6B08 /* NSString+AKSNetWork.m in Sources */ = {isa = PBXBuildFile; fileRef = 9EECCBE7227FE751003D6B08 /* NSString+AKSNetWork.m */; };
		9EECCBEE228011EE003D6B08 /* GTMBase64.m in Sources */ = {isa = PBXBuildFile; fileRef = 9EECCBED228011EE003D6B08 /* GTMBase64.m */; settings = {COMPILER_FLAGS = "-fno-objc-arc"; }; };
		C9C16AFFF3D41037444DB11F /* libPods-AKSNetWork.a in Frameworks */ = {isa = PBXBuildFile; fileRef = 4DF99F774E638BF2127C195A /* libPods-AKSNetWork.a */; };
/* End PBXBuildFile section */

/* Begin PBXFileReference section */
		11823F20C798EFBC1F166529 /* Pods-AKSNetWork.debug.xcconfig */ = {isa = PBXFileReference; includeInIndex = 1; lastKnownFileType = text.xcconfig; name = "Pods-AKSNetWork.debug.xcconfig"; path = "Target Support Files/Pods-AKSNetWork/Pods-AKSNetWork.debug.xcconfig"; sourceTree = "<group>"; };
		4DF99F774E638BF2127C195A /* libPods-AKSNetWork.a */ = {isa = PBXFileReference; explicitFileType = archive.ar; includeInIndex = 0; path = "libPods-AKSNetWork.a"; sourceTree = BUILT_PRODUCTS_DIR; };
		9E2E866022A107E800B558F1 /* AKSNetWorkConfig.h */ = {isa = PBXFileReference; lastKnownFileType = sourcecode.c.h; path = AKSNetWorkConfig.h; sourceTree = "<group>"; };
		9E2E866122A107E800B558F1 /* AKSNetWorkConfig.m */ = {isa = PBXFileReference; lastKnownFileType = sourcecode.c.objc; path = AKSNetWorkConfig.m; sourceTree = "<group>"; };
		9E2E866322A1151C00B558F1 /* AKSNetWorkRequestConfig.h */ = {isa = PBXFileReference; lastKnownFileType = sourcecode.c.h; path = AKSNetWorkRequestConfig.h; sourceTree = "<group>"; };
		9E2E866422A1151C00B558F1 /* AKSNetWorkRequestConfig.m */ = {isa = PBXFileReference; lastKnownFileType = sourcecode.c.objc; path = AKSNetWorkRequestConfig.m; sourceTree = "<group>"; };
		9E2E866922A1182000B558F1 /* UINavigationController+AKSNetWork.h */ = {isa = PBXFileReference; lastKnownFileType = sourcecode.c.h; path = "UINavigationController+AKSNetWork.h"; sourceTree = "<group>"; };
		9E2E866A22A1182000B558F1 /* UINavigationController+AKSNetWork.m */ = {isa = PBXFileReference; lastKnownFileType = sourcecode.c.objc; path = "UINavigationController+AKSNetWork.m"; sourceTree = "<group>"; };
		9E2E866C22A1191100B558F1 /* UIViewController+AKSNetWork.h */ = {isa = PBXFileReference; lastKnownFileType = sourcecode.c.h; path = "UIViewController+AKSNetWork.h"; sourceTree = "<group>"; };
		9E2E866D22A1191100B558F1 /* UIViewController+AKSNetWork.m */ = {isa = PBXFileReference; lastKnownFileType = sourcecode.c.objc; path = "UIViewController+AKSNetWork.m"; sourceTree = "<group>"; };
		9E2E866F22A11A0C00B558F1 /* AKSNetWorkingDefines.h */ = {isa = PBXFileReference; lastKnownFileType = sourcecode.c.h; path = AKSNetWorkingDefines.h; sourceTree = "<group>"; };
		9E2E867122A11C6200B558F1 /* AKSNetWorkHelper.h */ = {isa = PBXFileReference; lastKnownFileType = sourcecode.c.h; path = AKSNetWorkHelper.h; sourceTree = "<group>"; };
		9E2E867222A11C6200B558F1 /* AKSNetWorkHelper.m */ = {isa = PBXFileReference; lastKnownFileType = sourcecode.c.objc; path = AKSNetWorkHelper.m; sourceTree = "<group>"; };
		9E2E867522A11DE700B558F1 /* AKSMemCacheDataCenter.h */ = {isa = PBXFileReference; lastKnownFileType = sourcecode.c.h; path = AKSMemCacheDataCenter.h; sourceTree = "<group>"; };
		9E2E867622A11DE700B558F1 /* AKSMemCacheDataCenter.m */ = {isa = PBXFileReference; lastKnownFileType = sourcecode.c.objc; path = AKSMemCacheDataCenter.m; sourceTree = "<group>"; };
		9E2E867822A1275200B558F1 /* AKSURLRequestManager.h */ = {isa = PBXFileReference; lastKnownFileType = sourcecode.c.h; path = AKSURLRequestManager.h; sourceTree = "<group>"; };
		9E2E867922A1275200B558F1 /* AKSURLRequestManager.m */ = {isa = PBXFileReference; lastKnownFileType = sourcecode.c.objc; path = AKSURLRequestManager.m; sourceTree = "<group>"; };
		9E2E867B22A127FB00B558F1 /* AKSHTTPSessionModel.h */ = {isa = PBXFileReference; lastKnownFileType = sourcecode.c.h; path = AKSHTTPSessionModel.h; sourceTree = "<group>"; };
		9E2E867C22A127FB00B558F1 /* AKSHTTPSessionModel.m */ = {isa = PBXFileReference; lastKnownFileType = sourcecode.c.objc; path = AKSHTTPSessionModel.m; sourceTree = "<group>"; };
		9E2E867E22A12D9900B558F1 /* AKSApiProxy.h */ = {isa = PBXFileReference; lastKnownFileType = sourcecode.c.h; path = AKSApiProxy.h; sourceTree = "<group>"; };
		9E2E867F22A12D9900B558F1 /* AKSApiProxy.m */ = {isa = PBXFileReference; lastKnownFileType = sourcecode.c.objc; path = AKSApiProxy.m; sourceTree = "<group>"; };
		9E2E868122A1358200B558F1 /* AKSApiRequestManager.h */ = {isa = PBXFileReference; lastKnownFileType = sourcecode.c.h; path = AKSApiRequestManager.h; sourceTree = "<group>"; };
		9E2E868222A1358200B558F1 /* AKSApiRequestManager.m */ = {isa = PBXFileReference; lastKnownFileType = sourcecode.c.objc; path = AKSApiRequestManager.m; sourceTree = "<group>"; };
		9E2E868522A137FE00B558F1 /* NEHTTPModelManager.h */ = {isa = PBXFileReference; lastKnownFileType = sourcecode.c.h; path = NEHTTPModelManager.h; sourceTree = "<group>"; };
		9E2E868622A137FE00B558F1 /* NEHTTPModelManager.m */ = {isa = PBXFileReference; lastKnownFileType = sourcecode.c.objc; path = NEHTTPModelManager.m; sourceTree = "<group>"; };
		9E2E868822A13B6600B558F1 /* AKSNetWorkLogHelper.h */ = {isa = PBXFileReference; lastKnownFileType = sourcecode.c.h; path = AKSNetWorkLogHelper.h; sourceTree = "<group>"; };
		9E2E868922A13B6600B558F1 /* AKSNetWorkLogHelper.m */ = {isa = PBXFileReference; lastKnownFileType = sourcecode.c.objc; path = AKSNetWorkLogHelper.m; sourceTree = "<group>"; };
		9EECCBC5227FD84D003D6B08 /* AKSNetWork.app */ = {isa = PBXFileReference; explicitFileType = wrapper.application; includeInIndex = 0; path = AKSNetWork.app; sourceTree = BUILT_PRODUCTS_DIR; };
		9EECCBC8227FD84D003D6B08 /* AppDelegate.h */ = {isa = PBXFileReference; lastKnownFileType = sourcecode.c.h; path = AppDelegate.h; sourceTree = "<group>"; };
		9EECCBC9227FD84D003D6B08 /* AppDelegate.m */ = {isa = PBXFileReference; lastKnownFileType = sourcecode.c.objc; path = AppDelegate.m; sourceTree = "<group>"; };
		9EECCBCB227FD84D003D6B08 /* ViewController.h */ = {isa = PBXFileReference; lastKnownFileType = sourcecode.c.h; path = ViewController.h; sourceTree = "<group>"; };
		9EECCBCC227FD84D003D6B08 /* ViewController.m */ = {isa = PBXFileReference; lastKnownFileType = sourcecode.c.objc; path = ViewController.m; sourceTree = "<group>"; };
		9EECCBCF227FD84D003D6B08 /* Base */ = {isa = PBXFileReference; lastKnownFileType = file.storyboard; name = Base; path = Base.lproj/Main.storyboard; sourceTree = "<group>"; };
		9EECCBD1227FD84F003D6B08 /* Assets.xcassets */ = {isa = PBXFileReference; lastKnownFileType = folder.assetcatalog; path = Assets.xcassets; sourceTree = "<group>"; };
		9EECCBD4227FD84F003D6B08 /* Base */ = {isa = PBXFileReference; lastKnownFileType = file.storyboard; name = Base; path = Base.lproj/LaunchScreen.storyboard; sourceTree = "<group>"; };
		9EECCBD6227FD84F003D6B08 /* Info.plist */ = {isa = PBXFileReference; lastKnownFileType = text.plist.xml; path = Info.plist; sourceTree = "<group>"; };
		9EECCBD7227FD84F003D6B08 /* main.m */ = {isa = PBXFileReference; lastKnownFileType = sourcecode.c.objc; path = main.m; sourceTree = "<group>"; };
		9EECCBE0227FE2FC003D6B08 /* NSArray+AKSNetWorkMethods.h */ = {isa = PBXFileReference; lastKnownFileType = sourcecode.c.h; path = "NSArray+AKSNetWorkMethods.h"; sourceTree = "<group>"; };
		9EECCBE1227FE2FC003D6B08 /* NSArray+AKSNetWorkMethods.m */ = {isa = PBXFileReference; lastKnownFileType = sourcecode.c.objc; path = "NSArray+AKSNetWorkMethods.m"; sourceTree = "<group>"; };
		9EECCBE3227FE4A6003D6B08 /* NSDictionary+AKSNetWork.h */ = {isa = PBXFileReference; lastKnownFileType = sourcecode.c.h; path = "NSDictionary+AKSNetWork.h"; sourceTree = "<group>"; };
		9EECCBE4227FE4A6003D6B08 /* NSDictionary+AKSNetWork.m */ = {isa = PBXFileReference; lastKnownFileType = sourcecode.c.objc; path = "NSDictionary+AKSNetWork.m"; sourceTree = "<group>"; };
		9EECCBE6227FE751003D6B08 /* NSString+AKSNetWork.h */ = {isa = PBXFileReference; lastKnownFileType = sourcecode.c.h; path = "NSString+AKSNetWork.h"; sourceTree = "<group>"; };
		9EECCBE7227FE751003D6B08 /* NSString+AKSNetWork.m */ = {isa = PBXFileReference; lastKnownFileType = sourcecode.c.objc; path = "NSString+AKSNetWork.m"; sourceTree = "<group>"; };
		9EECCBEB228011EE003D6B08 /* GTMBase64.h */ = {isa = PBXFileReference; fileEncoding = 4; lastKnownFileType = sourcecode.c.h; path = GTMBase64.h; sourceTree = "<group>"; };
		9EECCBEC228011EE003D6B08 /* GTMDefines.h */ = {isa = PBXFileReference; fileEncoding = 4; lastKnownFileType = sourcecode.c.h; path = GTMDefines.h; sourceTree = "<group>"; };
		9EECCBED228011EE003D6B08 /* GTMBase64.m */ = {isa = PBXFileReference; fileEncoding = 4; lastKnownFileType = sourcecode.c.objc; path = GTMBase64.m; sourceTree = "<group>"; };
		9EECCBF02280164A003D6B08 /* LICENSE */ = {isa = PBXFileReference; fileEncoding = 4; lastKnownFileType = text; path = LICENSE; sourceTree = "<group>"; };
		9EECCBF12280164A003D6B08 /* README.md */ = {isa = PBXFileReference; fileEncoding = 4; lastKnownFileType = net.daringfireball.markdown; path = README.md; sourceTree = "<group>"; };
		9EECCBF32280164A003D6B08 /* UIProgressView+AFNetworking.m */ = {isa = PBXFileReference; fileEncoding = 4; lastKnownFileType = sourcecode.c.objc; path = "UIProgressView+AFNetworking.m"; sourceTree = "<group>"; };
		9EECCBF42280164A003D6B08 /* UIButton+AFNetworking.h */ = {isa = PBXFileReference; fileEncoding = 4; lastKnownFileType = sourcecode.c.h; path = "UIButton+AFNetworking.h"; sourceTree = "<group>"; };
		9EECCBF52280164A003D6B08 /* UIRefreshControl+AFNetworking.m */ = {isa = PBXFileReference; fileEncoding = 4; lastKnownFileType = sourcecode.c.objc; path = "UIRefreshControl+AFNetworking.m"; sourceTree = "<group>"; };
		9EECCBF62280164A003D6B08 /* UIImageView+AFNetworking.h */ = {isa = PBXFileReference; fileEncoding = 4; lastKnownFileType = sourcecode.c.h; path = "UIImageView+AFNetworking.h"; sourceTree = "<group>"; };
		9EECCBF72280164A003D6B08 /* AFImageDownloader.h */ = {isa = PBXFileReference; fileEncoding = 4; lastKnownFileType = sourcecode.c.h; path = AFImageDownloader.h; sourceTree = "<group>"; };
		9EECCBF82280164A003D6B08 /* AFNetworkActivityIndicatorManager.m */ = {isa = PBXFileReference; fileEncoding = 4; lastKnownFileType = sourcecode.c.objc; path = AFNetworkActivityIndicatorManager.m; sourceTree = "<group>"; };
		9EECCBF92280164A003D6B08 /* AFAutoPurgingImageCache.h */ = {isa = PBXFileReference; fileEncoding = 4; lastKnownFileType = sourcecode.c.h; path = AFAutoPurgingImageCache.h; sourceTree = "<group>"; };
		9EECCBFA2280164A003D6B08 /* UIWebView+AFNetworking.h */ = {isa = PBXFileReference; fileEncoding = 4; lastKnownFileType = sourcecode.c.h; path = "UIWebView+AFNetworking.h"; sourceTree = "<group>"; };
		9EECCBFB2280164A003D6B08 /* UIActivityIndicatorView+AFNetworking.h */ = {isa = PBXFileReference; fileEncoding = 4; lastKnownFileType = sourcecode.c.h; path = "UIActivityIndicatorView+AFNetworking.h"; sourceTree = "<group>"; };
		9EECCBFC2280164A003D6B08 /* UIImage+AFNetworking.h */ = {isa = PBXFileReference; fileEncoding = 4; lastKnownFileType = sourcecode.c.h; path = "UIImage+AFNetworking.h"; sourceTree = "<group>"; };
		9EECCBFD2280164A003D6B08 /* UIProgressView+AFNetworking.h */ = {isa = PBXFileReference; fileEncoding = 4; lastKnownFileType = sourcecode.c.h; path = "UIProgressView+AFNetworking.h"; sourceTree = "<group>"; };
		9EECCBFE2280164A003D6B08 /* UIImageView+AFNetworking.m */ = {isa = PBXFileReference; fileEncoding = 4; lastKnownFileType = sourcecode.c.objc; path = "UIImageView+AFNetworking.m"; sourceTree = "<group>"; };
		9EECCBFF2280164A003D6B08 /* UIKit+AFNetworking.h */ = {isa = PBXFileReference; fileEncoding = 4; lastKnownFileType = sourcecode.c.h; path = "UIKit+AFNetworking.h"; sourceTree = "<group>"; };
		9EECCC002280164A003D6B08 /* UIRefreshControl+AFNetworking.h */ = {isa = PBXFileReference; fileEncoding = 4; lastKnownFileType = sourcecode.c.h; path = "UIRefreshControl+AFNetworking.h"; sourceTree = "<group>"; };
		9EECCC012280164A003D6B08 /* UIButton+AFNetworking.m */ = {isa = PBXFileReference; fileEncoding = 4; lastKnownFileType = sourcecode.c.objc; path = "UIButton+AFNetworking.m"; sourceTree = "<group>"; };
		9EECCC022280164A003D6B08 /* UIActivityIndicatorView+AFNetworking.m */ = {isa = PBXFileReference; fileEncoding = 4; lastKnownFileType = sourcecode.c.objc; path = "UIActivityIndicatorView+AFNetworking.m"; sourceTree = "<group>"; };
		9EECCC032280164A003D6B08 /* UIWebView+AFNetworking.m */ = {isa = PBXFileReference; fileEncoding = 4; lastKnownFileType = sourcecode.c.objc; path = "UIWebView+AFNetworking.m"; sourceTree = "<group>"; };
		9EECCC042280164A003D6B08 /* AFAutoPurgingImageCache.m */ = {isa = PBXFileReference; fileEncoding = 4; lastKnownFileType = sourcecode.c.objc; path = AFAutoPurgingImageCache.m; sourceTree = "<group>"; };
		9EECCC052280164A003D6B08 /* AFNetworkActivityIndicatorManager.h */ = {isa = PBXFileReference; fileEncoding = 4; lastKnownFileType = sourcecode.c.h; path = AFNetworkActivityIndicatorManager.h; sourceTree = "<group>"; };
		9EECCC062280164A003D6B08 /* AFImageDownloader.m */ = {isa = PBXFileReference; fileEncoding = 4; lastKnownFileType = sourcecode.c.objc; path = AFImageDownloader.m; sourceTree = "<group>"; };
		9EECCC082280164A003D6B08 /* AFSecurityPolicy.h */ = {isa = PBXFileReference; fileEncoding = 4; lastKnownFileType = sourcecode.c.h; path = AFSecurityPolicy.h; sourceTree = "<group>"; };
		9EECCC092280164A003D6B08 /* AFNetworkReachabilityManager.h */ = {isa = PBXFileReference; fileEncoding = 4; lastKnownFileType = sourcecode.c.h; path = AFNetworkReachabilityManager.h; sourceTree = "<group>"; };
		9EECCC0A2280164A003D6B08 /* AFURLSessionManager.h */ = {isa = PBXFileReference; fileEncoding = 4; lastKnownFileType = sourcecode.c.h; path = AFURLSessionManager.h; sourceTree = "<group>"; };
		9EECCC0B2280164A003D6B08 /* AFURLRequestSerialization.h */ = {isa = PBXFileReference; fileEncoding = 4; lastKnownFileType = sourcecode.c.h; path = AFURLRequestSerialization.h; sourceTree = "<group>"; };
		9EECCC0C2280164A003D6B08 /* AFURLResponseSerialization.m */ = {isa = PBXFileReference; fileEncoding = 4; lastKnownFileType = sourcecode.c.objc; path = AFURLResponseSerialization.m; sourceTree = "<group>"; };
		9EECCC0D2280164A003D6B08 /* AFHTTPSessionManager.m */ = {isa = PBXFileReference; fileEncoding = 4; lastKnownFileType = sourcecode.c.objc; path = AFHTTPSessionManager.m; sourceTree = "<group>"; };
		9EECCC0E2280164A003D6B08 /* AFURLResponseSerialization.h */ = {isa = PBXFileReference; fileEncoding = 4; lastKnownFileType = sourcecode.c.h; path = AFURLResponseSerialization.h; sourceTree = "<group>"; };
		9EECCC0F2280164A003D6B08 /* AFURLSessionManager.m */ = {isa = PBXFileReference; fileEncoding = 4; lastKnownFileType = sourcecode.c.objc; path = AFURLSessionManager.m; sourceTree = "<group>"; };
		9EECCC102280164A003D6B08 /* AFURLRequestSerialization.m */ = {isa = PBXFileReference; fileEncoding = 4; lastKnownFileType = sourcecode.c.objc; path = AFURLRequestSerialization.m; sourceTree = "<group>"; };
		9EECCC112280164A003D6B08 /* AFNetworking.h */ = {isa = PBXFileReference; fileEncoding = 4; lastKnownFileType = sourcecode.c.h; path = AFNetworking.h; sourceTree = "<group>"; };
		9EECCC122280164A003D6B08 /* AFNetworkReachabilityManager.m */ = {isa = PBXFileReference; fileEncoding = 4; lastKnownFileType = sourcecode.c.objc; path = AFNetworkReachabilityManager.m; sourceTree = "<group>"; };
		9EECCC132280164A003D6B08 /* AFSecurityPolicy.m */ = {isa = PBXFileReference; fileEncoding = 4; lastKnownFileType = sourcecode.c.objc; path = AFSecurityPolicy.m; sourceTree = "<group>"; };
		9EECCC142280164A003D6B08 /* AFCompatibilityMacros.h */ = {isa = PBXFileReference; fileEncoding = 4; lastKnownFileType = sourcecode.c.h; path = AFCompatibilityMacros.h; sourceTree = "<group>"; };
		9EECCC152280164A003D6B08 /* AFHTTPSessionManager.h */ = {isa = PBXFileReference; fileEncoding = 4; lastKnownFileType = sourcecode.c.h; path = AFHTTPSessionManager.h; sourceTree = "<group>"; };
		F1587822441FFA85D59EE177 /* Pods-AKSNetWork.release.xcconfig */ = {isa = PBXFileReference; includeInIndex = 1; lastKnownFileType = text.xcconfig; name = "Pods-AKSNetWork.release.xcconfig"; path = "Target Support Files/Pods-AKSNetWork/Pods-AKSNetWork.release.xcconfig"; sourceTree = "<group>"; };
/* End PBXFileReference section */

/* Begin PBXFrameworksBuildPhase section */
		9EECCBC2227FD84D003D6B08 /* Frameworks */ = {
			isa = PBXFrameworksBuildPhase;
			buildActionMask = 2147483647;
			files = (
				C9C16AFFF3D41037444DB11F /* libPods-AKSNetWork.a in Frameworks */,
			);
			runOnlyForDeploymentPostprocessing = 0;
		};
/* End PBXFrameworksBuildPhase section */

/* Begin PBXGroup section */
		0B92D597E459495E3E57D8C1 /* Frameworks */ = {
			isa = PBXGroup;
			children = (
				4DF99F774E638BF2127C195A /* libPods-AKSNetWork.a */,
			);
			name = Frameworks;
			sourceTree = "<group>";
		};
		0C90E60E51797603D9ECC091 /* Pods */ = {
			isa = PBXGroup;
			children = (
				11823F20C798EFBC1F166529 /* Pods-AKSNetWork.debug.xcconfig */,
				F1587822441FFA85D59EE177 /* Pods-AKSNetWork.release.xcconfig */,
			);
			path = Pods;
			sourceTree = "<group>";
		};
		9E2E865F22A107AC00B558F1 /* Request */ = {
			isa = PBXGroup;
			children = (
				9E2E867E22A12D9900B558F1 /* AKSApiProxy.h */,
				9E2E867F22A12D9900B558F1 /* AKSApiProxy.m */,
				9E2E868122A1358200B558F1 /* AKSApiRequestManager.h */,
				9E2E868222A1358200B558F1 /* AKSApiRequestManager.m */,
				9E2E867B22A127FB00B558F1 /* AKSHTTPSessionModel.h */,
				9E2E867C22A127FB00B558F1 /* AKSHTTPSessionModel.m */,
				9E2E866022A107E800B558F1 /* AKSNetWorkConfig.h */,
				9E2E866122A107E800B558F1 /* AKSNetWorkConfig.m */,
				9E2E867122A11C6200B558F1 /* AKSNetWorkHelper.h */,
				9E2E867222A11C6200B558F1 /* AKSNetWorkHelper.m */,
				9E2E866322A1151C00B558F1 /* AKSNetWorkRequestConfig.h */,
				9E2E866422A1151C00B558F1 /* AKSNetWorkRequestConfig.m */,
				9E2E867822A1275200B558F1 /* AKSURLRequestManager.h */,
				9E2E867922A1275200B558F1 /* AKSURLRequestManager.m */,
			);
			path = Request;
			sourceTree = "<group>";
		};
		9E2E867422A11DC300B558F1 /* Cache */ = {
			isa = PBXGroup;
			children = (
				9E2E867522A11DE700B558F1 /* AKSMemCacheDataCenter.h */,
				9E2E867622A11DE700B558F1 /* AKSMemCacheDataCenter.m */,
			);
			path = Cache;
			sourceTree = "<group>";
		};
		9E2E868422A137D900B558F1 /* Log */ = {
			isa = PBXGroup;
			children = (
				9E2E868522A137FE00B558F1 /* NEHTTPModelManager.h */,
				9E2E868622A137FE00B558F1 /* NEHTTPModelManager.m */,
				9E2E868822A13B6600B558F1 /* AKSNetWorkLogHelper.h */,
				9E2E868922A13B6600B558F1 /* AKSNetWorkLogHelper.m */,
			);
			path = Log;
			sourceTree = "<group>";
		};
		9EECCBBC227FD84D003D6B08 = {
			isa = PBXGroup;
			children = (
				9EECCBC7227FD84D003D6B08 /* AKSNetWork */,
				9EECCBC6227FD84D003D6B08 /* Products */,
				0C90E60E51797603D9ECC091 /* Pods */,
				0B92D597E459495E3E57D8C1 /* Frameworks */,
			);
			sourceTree = "<group>";
		};
		9EECCBC6227FD84D003D6B08 /* Products */ = {
			isa = PBXGroup;
			children = (
				9EECCBC5227FD84D003D6B08 /* AKSNetWork.app */,
			);
			name = Products;
			sourceTree = "<group>";
		};
		9EECCBC7227FD84D003D6B08 /* AKSNetWork */ = {
			isa = PBXGroup;
			children = (
				9EECCBDE227FE1C9003D6B08 /* AKSNetWork */,
				9EECCBC8227FD84D003D6B08 /* AppDelegate.h */,
				9EECCBC9227FD84D003D6B08 /* AppDelegate.m */,
				9EECCBCB227FD84D003D6B08 /* ViewController.h */,
				9EECCBCC227FD84D003D6B08 /* ViewController.m */,
				9EECCBCE227FD84D003D6B08 /* Main.storyboard */,
				9EECCBD1227FD84F003D6B08 /* Assets.xcassets */,
				9EECCBD3227FD84F003D6B08 /* LaunchScreen.storyboard */,
				9EECCBD6227FD84F003D6B08 /* Info.plist */,
				9EECCBD7227FD84F003D6B08 /* main.m */,
				9EECCBEF2280164A003D6B08 /* AFNetworking */,
			);
			path = AKSNetWork;
			sourceTree = "<group>";
		};
		9EECCBDE227FE1C9003D6B08 /* AKSNetWork */ = {
			isa = PBXGroup;
			children = (
				9E2E868422A137D900B558F1 /* Log */,
				9E2E867422A11DC300B558F1 /* Cache */,
				9E2E865F22A107AC00B558F1 /* Request */,
				9EECCBEA228011EE003D6B08 /* GTMBase64 */,
				9EECCBDF227FE241003D6B08 /* Categories */,
				9E2E866F22A11A0C00B558F1 /* AKSNetWorkingDefines.h */,
			);
			path = AKSNetWork;
			sourceTree = "<group>";
		};
		9EECCBDF227FE241003D6B08 /* Categories */ = {
			isa = PBXGroup;
			children = (
				9EECCBE0227FE2FC003D6B08 /* NSArray+AKSNetWorkMethods.h */,
				9EECCBE1227FE2FC003D6B08 /* NSArray+AKSNetWorkMethods.m */,
				9EECCBE3227FE4A6003D6B08 /* NSDictionary+AKSNetWork.h */,
				9EECCBE4227FE4A6003D6B08 /* NSDictionary+AKSNetWork.m */,
				9EECCBE6227FE751003D6B08 /* NSString+AKSNetWork.h */,
				9EECCBE7227FE751003D6B08 /* NSString+AKSNetWork.m */,
				9E2E866922A1182000B558F1 /* UINavigationController+AKSNetWork.h */,
				9E2E866A22A1182000B558F1 /* UINavigationController+AKSNetWork.m */,
				9E2E866C22A1191100B558F1 /* UIViewController+AKSNetWork.h */,
				9E2E866D22A1191100B558F1 /* UIViewController+AKSNetWork.m */,
			);
			path = Categories;
			sourceTree = "<group>";
		};
		9EECCBEA228011EE003D6B08 /* GTMBase64 */ = {
			isa = PBXGroup;
			children = (
				9EECCBEB228011EE003D6B08 /* GTMBase64.h */,
				9EECCBEC228011EE003D6B08 /* GTMDefines.h */,
				9EECCBED228011EE003D6B08 /* GTMBase64.m */,
			);
			path = GTMBase64;
			sourceTree = "<group>";
		};
		9EECCBEF2280164A003D6B08 /* AFNetworking */ = {
			isa = PBXGroup;
			children = (
				9EECCBF02280164A003D6B08 /* LICENSE */,
				9EECCBF12280164A003D6B08 /* README.md */,
				9EECCBF22280164A003D6B08 /* UIKit+AFNetworking */,
				9EECCC072280164A003D6B08 /* AFNetworking */,
			);
			path = AFNetworking;
			sourceTree = "<group>";
		};
		9EECCBF22280164A003D6B08 /* UIKit+AFNetworking */ = {
			isa = PBXGroup;
			children = (
				9EECCBF32280164A003D6B08 /* UIProgressView+AFNetworking.m */,
				9EECCBF42280164A003D6B08 /* UIButton+AFNetworking.h */,
				9EECCBF52280164A003D6B08 /* UIRefreshControl+AFNetworking.m */,
				9EECCBF62280164A003D6B08 /* UIImageView+AFNetworking.h */,
				9EECCBF72280164A003D6B08 /* AFImageDownloader.h */,
				9EECCBF82280164A003D6B08 /* AFNetworkActivityIndicatorManager.m */,
				9EECCBF92280164A003D6B08 /* AFAutoPurgingImageCache.h */,
				9EECCBFA2280164A003D6B08 /* UIWebView+AFNetworking.h */,
				9EECCBFB2280164A003D6B08 /* UIActivityIndicatorView+AFNetworking.h */,
				9EECCBFC2280164A003D6B08 /* UIImage+AFNetworking.h */,
				9EECCBFD2280164A003D6B08 /* UIProgressView+AFNetworking.h */,
				9EECCBFE2280164A003D6B08 /* UIImageView+AFNetworking.m */,
				9EECCBFF2280164A003D6B08 /* UIKit+AFNetworking.h */,
				9EECCC002280164A003D6B08 /* UIRefreshControl+AFNetworking.h */,
				9EECCC012280164A003D6B08 /* UIButton+AFNetworking.m */,
				9EECCC022280164A003D6B08 /* UIActivityIndicatorView+AFNetworking.m */,
				9EECCC032280164A003D6B08 /* UIWebView+AFNetworking.m */,
				9EECCC042280164A003D6B08 /* AFAutoPurgingImageCache.m */,
				9EECCC052280164A003D6B08 /* AFNetworkActivityIndicatorManager.h */,
				9EECCC062280164A003D6B08 /* AFImageDownloader.m */,
			);
			path = "UIKit+AFNetworking";
			sourceTree = "<group>";
		};
		9EECCC072280164A003D6B08 /* AFNetworking */ = {
			isa = PBXGroup;
			children = (
				9EECCC082280164A003D6B08 /* AFSecurityPolicy.h */,
				9EECCC092280164A003D6B08 /* AFNetworkReachabilityManager.h */,
				9EECCC0A2280164A003D6B08 /* AFURLSessionManager.h */,
				9EECCC0B2280164A003D6B08 /* AFURLRequestSerialization.h */,
				9EECCC0C2280164A003D6B08 /* AFURLResponseSerialization.m */,
				9EECCC0D2280164A003D6B08 /* AFHTTPSessionManager.m */,
				9EECCC0E2280164A003D6B08 /* AFURLResponseSerialization.h */,
				9EECCC0F2280164A003D6B08 /* AFURLSessionManager.m */,
				9EECCC102280164A003D6B08 /* AFURLRequestSerialization.m */,
				9EECCC112280164A003D6B08 /* AFNetworking.h */,
				9EECCC122280164A003D6B08 /* AFNetworkReachabilityManager.m */,
				9EECCC132280164A003D6B08 /* AFSecurityPolicy.m */,
				9EECCC142280164A003D6B08 /* AFCompatibilityMacros.h */,
				9EECCC152280164A003D6B08 /* AFHTTPSessionManager.h */,
			);
			path = AFNetworking;
			sourceTree = "<group>";
		};
/* End PBXGroup section */

/* Begin PBXNativeTarget section */
		9EECCBC4227FD84D003D6B08 /* AKSNetWork */ = {
			isa = PBXNativeTarget;
			buildConfigurationList = 9EECCBDB227FD84F003D6B08 /* Build configuration list for PBXNativeTarget "AKSNetWork" */;
			buildPhases = (
				481434ABAD7198AEBB207E7C /* [CP] Check Pods Manifest.lock */,
				9EECCBC1227FD84D003D6B08 /* Sources */,
				9EECCBC2227FD84D003D6B08 /* Frameworks */,
				9EECCBC3227FD84D003D6B08 /* Resources */,
			);
			buildRules = (
			);
			dependencies = (
			);
			name = AKSNetWork;
			productName = AKSNetWork;
			productReference = 9EECCBC5227FD84D003D6B08 /* AKSNetWork.app */;
			productType = "com.apple.product-type.application";
		};
/* End PBXNativeTarget section */

/* Begin PBXProject section */
		9EECCBBD227FD84D003D6B08 /* Project object */ = {
			isa = PBXProject;
			attributes = {
				LastUpgradeCheck = 1010;
				ORGANIZATIONNAME = Acadsoc;
				TargetAttributes = {
					9EECCBC4227FD84D003D6B08 = {
						CreatedOnToolsVersion = 10.1;
					};
				};
			};
			buildConfigurationList = 9EECCBC0227FD84D003D6B08 /* Build configuration list for PBXProject "AKSNetWork" */;
			compatibilityVersion = "Xcode 9.3";
			developmentRegion = en;
			hasScannedForEncodings = 0;
			knownRegions = (
				en,
				Base,
			);
			mainGroup = 9EECCBBC227FD84D003D6B08;
			productRefGroup = 9EECCBC6227FD84D003D6B08 /* Products */;
			projectDirPath = "";
			projectRoot = "";
			targets = (
				9EECCBC4227FD84D003D6B08 /* AKSNetWork */,
			);
		};
/* End PBXProject section */

/* Begin PBXResourcesBuildPhase section */
		9EECCBC3227FD84D003D6B08 /* Resources */ = {
			isa = PBXResourcesBuildPhase;
			buildActionMask = 2147483647;
			files = (
				9EECCBD5227FD84F003D6B08 /* LaunchScreen.storyboard in Resources */,
				9EECCBD2227FD84F003D6B08 /* Assets.xcassets in Resources */,
				9EECCBD0227FD84D003D6B08 /* Main.storyboard in Resources */,
			);
			runOnlyForDeploymentPostprocessing = 0;
		};
/* End PBXResourcesBuildPhase section */

/* Begin PBXShellScriptBuildPhase section */
		481434ABAD7198AEBB207E7C /* [CP] Check Pods Manifest.lock */ = {
			isa = PBXShellScriptBuildPhase;
			buildActionMask = 2147483647;
			files = (
			);
			inputFileListPaths = (
			);
			inputPaths = (
				"${PODS_PODFILE_DIR_PATH}/Podfile.lock",
				"${PODS_ROOT}/Manifest.lock",
			);
			name = "[CP] Check Pods Manifest.lock";
			outputFileListPaths = (
			);
			outputPaths = (
				"$(DERIVED_FILE_DIR)/Pods-AKSNetWork-checkManifestLockResult.txt",
			);
			runOnlyForDeploymentPostprocessing = 0;
			shellPath = /bin/sh;
			shellScript = "diff \"${PODS_PODFILE_DIR_PATH}/Podfile.lock\" \"${PODS_ROOT}/Manifest.lock\" > /dev/null\nif [ $? != 0 ] ; then\n    # print error to STDERR\n    echo \"error: The sandbox is not in sync with the Podfile.lock. Run 'pod install' or update your CocoaPods installation.\" >&2\n    exit 1\nfi\n# This output is used by Xcode 'outputs' to avoid re-running this script phase.\necho \"SUCCESS\" > \"${SCRIPT_OUTPUT_FILE_0}\"\n";
			showEnvVarsInLog = 0;
		};
/* End PBXShellScriptBuildPhase section */

/* Begin PBXSourcesBuildPhase section */
		9EECCBC1227FD84D003D6B08 /* Sources */ = {
			isa = PBXSourcesBuildPhase;
			buildActionMask = 2147483647;
			files = (
				9E2E867322A11C6200B558F1 /* AKSNetWorkHelper.m in Sources */,
				9EECCBCD227FD84D003D6B08 /* ViewController.m in Sources */,
				9E2E866522A1151C00B558F1 /* AKSNetWorkRequestConfig.m in Sources */,
				9EECCBE8227FE751003D6B08 /* NSString+AKSNetWork.m in Sources */,
				9E2E868022A12D9900B558F1 /* AKSApiProxy.m in Sources */,
				9E2E866E22A1191100B558F1 /* UIViewController+AKSNetWork.m in Sources */,
				9EECCBD8227FD84F003D6B08 /* main.m in Sources */,
				9E2E867A22A1275200B558F1 /* AKSURLRequestManager.m in Sources */,
				9E2E868322A1358200B558F1 /* AKSApiRequestManager.m in Sources */,
				9E2E866222A107E800B558F1 /* AKSNetWorkConfig.m in Sources */,
				9E2E867D22A127FB00B558F1 /* AKSHTTPSessionModel.m in Sources */,
				9EECCBE2227FE2FC003D6B08 /* NSArray+AKSNetWorkMethods.m in Sources */,
				9E2E866B22A1182000B558F1 /* UINavigationController+AKSNetWork.m in Sources */,
				9E2E867722A11DE700B558F1 /* AKSMemCacheDataCenter.m in Sources */,
				9EECCBE5227FE4A6003D6B08 /* NSDictionary+AKSNetWork.m in Sources */,
				9E2E868722A137FE00B558F1 /* NEHTTPModelManager.m in Sources */,
				9EECCBCA227FD84D003D6B08 /* AppDelegate.m in Sources */,
				9EECCBEE228011EE003D6B08 /* GTMBase64.m in Sources */,
				9E2E868A22A13B6600B558F1 /* AKSNetWorkLogHelper.m in Sources */,
			);
			runOnlyForDeploymentPostprocessing = 0;
		};
/* End PBXSourcesBuildPhase section */

/* Begin PBXVariantGroup section */
		9EECCBCE227FD84D003D6B08 /* Main.storyboard */ = {
			isa = PBXVariantGroup;
			children = (
				9EECCBCF227FD84D003D6B08 /* Base */,
			);
			name = Main.storyboard;
			sourceTree = "<group>";
		};
		9EECCBD3227FD84F003D6B08 /* LaunchScreen.storyboard */ = {
			isa = PBXVariantGroup;
			children = (
				9EECCBD4227FD84F003D6B08 /* Base */,
			);
			name = LaunchScreen.storyboard;
			sourceTree = "<group>";
		};
/* End PBXVariantGroup section */

/* Begin XCBuildConfiguration section */
		9EECCBD9227FD84F003D6B08 /* Debug */ = {
			isa = XCBuildConfiguration;
			buildSettings = {
				ALWAYS_SEARCH_USER_PATHS = NO;
				CLANG_ANALYZER_NONNULL = YES;
				CLANG_ANALYZER_NUMBER_OBJECT_CONVERSION = YES_AGGRESSIVE;
				CLANG_CXX_LANGUAGE_STANDARD = "gnu++14";
				CLANG_CXX_LIBRARY = "libc++";
				CLANG_ENABLE_MODULES = YES;
				CLANG_ENABLE_OBJC_ARC = YES;
				CLANG_ENABLE_OBJC_WEAK = YES;
				CLANG_WARN_BLOCK_CAPTURE_AUTORELEASING = YES;
				CLANG_WARN_BOOL_CONVERSION = YES;
				CLANG_WARN_COMMA = YES;
				CLANG_WARN_CONSTANT_CONVERSION = YES;
				CLANG_WARN_DEPRECATED_OBJC_IMPLEMENTATIONS = YES;
				CLANG_WARN_DIRECT_OBJC_ISA_USAGE = YES_ERROR;
				CLANG_WARN_DOCUMENTATION_COMMENTS = YES;
				CLANG_WARN_EMPTY_BODY = YES;
				CLANG_WARN_ENUM_CONVERSION = YES;
				CLANG_WARN_INFINITE_RECURSION = YES;
				CLANG_WARN_INT_CONVERSION = YES;
				CLANG_WARN_NON_LITERAL_NULL_CONVERSION = YES;
				CLANG_WARN_OBJC_IMPLICIT_RETAIN_SELF = YES;
				CLANG_WARN_OBJC_LITERAL_CONVERSION = YES;
				CLANG_WARN_OBJC_ROOT_CLASS = YES_ERROR;
				CLANG_WARN_RANGE_LOOP_ANALYSIS = YES;
				CLANG_WARN_STRICT_PROTOTYPES = YES;
				CLANG_WARN_SUSPICIOUS_MOVE = YES;
				CLANG_WARN_UNGUARDED_AVAILABILITY = YES_AGGRESSIVE;
				CLANG_WARN_UNREACHABLE_CODE = YES;
				CLANG_WARN__DUPLICATE_METHOD_MATCH = YES;
				CODE_SIGN_IDENTITY = "iPhone Developer";
				COPY_PHASE_STRIP = NO;
				DEBUG_INFORMATION_FORMAT = dwarf;
				ENABLE_STRICT_OBJC_MSGSEND = YES;
				ENABLE_TESTABILITY = YES;
				GCC_C_LANGUAGE_STANDARD = gnu11;
				GCC_DYNAMIC_NO_PIC = NO;
				GCC_NO_COMMON_BLOCKS = YES;
				GCC_OPTIMIZATION_LEVEL = 0;
				GCC_PREPROCESSOR_DEFINITIONS = (
					"DEBUG=1",
					"$(inherited)",
				);
				GCC_WARN_64_TO_32_BIT_CONVERSION = YES;
				GCC_WARN_ABOUT_RETURN_TYPE = YES_ERROR;
				GCC_WARN_UNDECLARED_SELECTOR = YES;
				GCC_WARN_UNINITIALIZED_AUTOS = YES_AGGRESSIVE;
				GCC_WARN_UNUSED_FUNCTION = YES;
				GCC_WARN_UNUSED_VARIABLE = YES;
				IPHONEOS_DEPLOYMENT_TARGET = 12.1;
				MTL_ENABLE_DEBUG_INFO = INCLUDE_SOURCE;
				MTL_FAST_MATH = YES;
				ONLY_ACTIVE_ARCH = YES;
				SDKROOT = iphoneos;
			};
			name = Debug;
		};
		9EECCBDA227FD84F003D6B08 /* Release */ = {
			isa = XCBuildConfiguration;
			buildSettings = {
				ALWAYS_SEARCH_USER_PATHS = NO;
				CLANG_ANALYZER_NONNULL = YES;
				CLANG_ANALYZER_NUMBER_OBJECT_CONVERSION = YES_AGGRESSIVE;
				CLANG_CXX_LANGUAGE_STANDARD = "gnu++14";
				CLANG_CXX_LIBRARY = "libc++";
				CLANG_ENABLE_MODULES = YES;
				CLANG_ENABLE_OBJC_ARC = YES;
				CLANG_ENABLE_OBJC_WEAK = YES;
				CLANG_WARN_BLOCK_CAPTURE_AUTORELEASING = YES;
				CLANG_WARN_BOOL_CONVERSION = YES;
				CLANG_WARN_COMMA = YES;
				CLANG_WARN_CONSTANT_CONVERSION = YES;
				CLANG_WARN_DEPRECATED_OBJC_IMPLEMENTATIONS = YES;
				CLANG_WARN_DIRECT_OBJC_ISA_USAGE = YES_ERROR;
				CLANG_WARN_DOCUMENTATION_COMMENTS = YES;
				CLANG_WARN_EMPTY_BODY = YES;
				CLANG_WARN_ENUM_CONVERSION = YES;
				CLANG_WARN_INFINITE_RECURSION = YES;
				CLANG_WARN_INT_CONVERSION = YES;
				CLANG_WARN_NON_LITERAL_NULL_CONVERSION = YES;
				CLANG_WARN_OBJC_IMPLICIT_RETAIN_SELF = YES;
				CLANG_WARN_OBJC_LITERAL_CONVERSION = YES;
				CLANG_WARN_OBJC_ROOT_CLASS = YES_ERROR;
				CLANG_WARN_RANGE_LOOP_ANALYSIS = YES;
				CLANG_WARN_STRICT_PROTOTYPES = YES;
				CLANG_WARN_SUSPICIOUS_MOVE = YES;
				CLANG_WARN_UNGUARDED_AVAILABILITY = YES_AGGRESSIVE;
				CLANG_WARN_UNREACHABLE_CODE = YES;
				CLANG_WARN__DUPLICATE_METHOD_MATCH = YES;
				CODE_SIGN_IDENTITY = "iPhone Developer";
				COPY_PHASE_STRIP = NO;
				DEBUG_INFORMATION_FORMAT = "dwarf-with-dsym";
				ENABLE_NS_ASSERTIONS = NO;
				ENABLE_STRICT_OBJC_MSGSEND = YES;
				GCC_C_LANGUAGE_STANDARD = gnu11;
				GCC_NO_COMMON_BLOCKS = YES;
				GCC_WARN_64_TO_32_BIT_CONVERSION = YES;
				GCC_WARN_ABOUT_RETURN_TYPE = YES_ERROR;
				GCC_WARN_UNDECLARED_SELECTOR = YES;
				GCC_WARN_UNINITIALIZED_AUTOS = YES_AGGRESSIVE;
				GCC_WARN_UNUSED_FUNCTION = YES;
				GCC_WARN_UNUSED_VARIABLE = YES;
				IPHONEOS_DEPLOYMENT_TARGET = 12.1;
				MTL_ENABLE_DEBUG_INFO = NO;
				MTL_FAST_MATH = YES;
				SDKROOT = iphoneos;
				VALIDATE_PRODUCT = YES;
			};
			name = Release;
		};
		9EECCBDC227FD84F003D6B08 /* Debug */ = {
			isa = XCBuildConfiguration;
			baseConfigurationReference = 11823F20C798EFBC1F166529 /* Pods-AKSNetWork.debug.xcconfig */;
			buildSettings = {
				ASSETCATALOG_COMPILER_APPICON_NAME = AppIcon;
				CODE_SIGN_STYLE = Automatic;
				DEVELOPMENT_TEAM = 5AQKZ58QZ7;
				INFOPLIST_FILE = AKSNetWork/Info.plist;
				IPHONEOS_DEPLOYMENT_TARGET = 8.0;
				LD_RUNPATH_SEARCH_PATHS = (
					"$(inherited)",
					"@executable_path/Frameworks",
				);
				PRODUCT_BUNDLE_IDENTIFIER = com.Acadsoc.AKSNetWork;
				PRODUCT_NAME = "$(TARGET_NAME)";
				TARGETED_DEVICE_FAMILY = "1,2";
			};
			name = Debug;
		};
		9EECCBDD227FD84F003D6B08 /* Release */ = {
			isa = XCBuildConfiguration;
			baseConfigurationReference = F1587822441FFA85D59EE177 /* Pods-AKSNetWork.release.xcconfig */;
			buildSettings = {
				ASSETCATALOG_COMPILER_APPICON_NAME = AppIcon;
				CODE_SIGN_STYLE = Automatic;
				DEVELOPMENT_TEAM = 5AQKZ58QZ7;
				INFOPLIST_FILE = AKSNetWork/Info.plist;
				IPHONEOS_DEPLOYMENT_TARGET = 8.0;
				LD_RUNPATH_SEARCH_PATHS = (
					"$(inherited)",
					"@executable_path/Frameworks",
				);
				PRODUCT_BUNDLE_IDENTIFIER = com.Acadsoc.AKSNetWork;
				PRODUCT_NAME = "$(TARGET_NAME)";
				TARGETED_DEVICE_FAMILY = "1,2";
			};
			name = Release;
		};
/* End XCBuildConfiguration section */

/* Begin XCConfigurationList section */
		9EECCBC0227FD84D003D6B08 /* Build configuration list for PBXProject "AKSNetWork" */ = {
			isa = XCConfigurationList;
			buildConfigurations = (
				9EECCBD9227FD84F003D6B08 /* Debug */,
				9EECCBDA227FD84F003D6B08 /* Release */,
			);
			defaultConfigurationIsVisible = 0;
			defaultConfigurationName = Release;
		};
		9EECCBDB227FD84F003D6B08 /* Build configuration list for PBXNativeTarget "AKSNetWork" */ = {
			isa = XCConfigurationList;
			buildConfigurations = (
				9EECCBDC227FD84F003D6B08 /* Debug */,
				9EECCBDD227FD84F003D6B08 /* Release */,
			);
			defaultConfigurationIsVisible = 0;
			defaultConfigurationName = Release;
		};
/* End XCConfigurationList section */
	};
	rootObject = 9EECCBBD227FD84D003D6B08 /* Project object */;
}
